dependencies:
- name: s3-chart
  repository: https://helm-charts.velocity.tech
  version: v0.1.5
- name: dynamodb-chart
  repository: https://helm-charts.velocity.tech
  version: v0.1.7
- name: sqs-controller-chart
  repository: https://helm-charts.velocity.tech
  version: 0.0.5
- name: ack-sns-controller
  repository: https://helm-charts.velocity.tech
  version: v0.0.3
digest: sha256:6a15c66144e2b38b98774153a338d673527ba6e69a6252e3d81138f4dec01171
generated: "2022-11-24T15:29:10.96766+02:00"
