dependencies:
- name: s3-chart
  repository: oci://quay.io/velocity
  version: v0.1.5
- name: dynamodb-chart
  repository: oci://quay.io/velocity
  version: v0.1.7
- name: sqs-controller-chart
  repository: oci://quay.io/velocity
  version: 0.0.5
- name: ack-sns-controller
  repository: oci://quay.io/velocity
  version: v0.0.3
digest: sha256:c8f5999491302c2b23db5ca1030d7f39942ca236e2e744cc77720247862dd75f
generated: "2022-11-14T15:47:30.960236+02:00"
