dependencies:
- name: s3-chart
  repository: https://helm-charts.velocity.tech
  version: v0.1.5
- name: dynamodb-chart
  repository: https://helm-charts.velocity.tech
  version: v0.1.7
- name: sqs-controller-chart
  repository: https://helm-charts.velocity.tech
  version: 0.0.5
- name: ack-sns-controller
  repository: https://helm-charts.velocity.tech
  version: v0.0.3
digest: sha256:421a0e3fecc2f4326c7a3bcff66c737703e2dbae6ea02f0191c3bb3f234fe669
generated: "2022-11-24T16:27:35.51487+02:00"
